
Microsoft Visual Studio Solution File, Format Version 12.00
# Visual Studio Version 17
VisualStudioVersion = 17.8.34525.116
MinimumVisualStudioVersion = 10.0.40219.1
Project("{9A19103F-16F7-4668-BE54-9A1E7A4F7556}") = "NewsAggregator.API", "src\NewsAggregator.API\NewsAggregator.API.csproj", "{60D50A9F-2F57-4BEC-AA03-16D2A9828E3F}"
EndProject
Project("{9A19103F-16F7-4668-BE54-9A1E7A4F7556}") = "NewsAggregator.Application", "src\NewsAggregator.Application\NewsAggregator.Application.csproj", "{7316DB2E-539A-4015-AF7B-BC952D6DC5A7}"
EndProject
Project("{9A19103F-16F7-4668-BE54-9A1E7A4F7556}") = "NewsAggregator.Domain", "src\NewsAggregator.Domain\NewsAggregator.Domain.csproj", "{CAC8E36D-7B50-4EC3-A81D-93500925C40A}"
EndProject
Project("{9A19103F-16F7-4668-BE54-9A1E7A4F7556}") = "NewsAggregator.Infrastructure", "src\NewsAggregator.Infrastructure\NewsAggregator.Infrastructure.csproj", "{04FFDA4A-54F2-4589-818C-293C378B0C65}"
EndProject
Project("{2150E333-8FDC-42A3-9474-1A3956D46DE8}") = "src", "src", "{39245D54-62B5-4567-B101-FD1F410AF760}"
EndProject
Project("{2150E333-8FDC-42A3-9474-1A3956D46DE8}") = "tests", "tests", "{DCDFC489-1216-4B1A-99BD-552469B3A179}"
EndProject
Project("{9A19103F-16F7-4668-BE54-9A1E7A4F7556}") = "NewsAggregator.FunctionalTests", "NewsAggregator.FunctionalTests\NewsAggregator.FunctionalTests.csproj", "{6D49F5F4-C116-4D9D-9756-AC15F96BDCE9}"
EndProject
Global
	GlobalSection(SolutionConfigurationPlatforms) = preSolution
		Debug|Any CPU = Debug|Any CPU
		Release|Any CPU = Release|Any CPU
	EndGlobalSection
	GlobalSection(ProjectConfigurationPlatforms) = postSolution
		{60D50A9F-2F57-4BEC-AA03-16D2A9828E3F}.Debug|Any CPU.ActiveCfg = Debug|Any CPU
		{60D50A9F-2F57-4BEC-AA03-16D2A9828E3F}.Debug|Any CPU.Build.0 = Debug|Any CPU
		{60D50A9F-2F57-4BEC-AA03-16D2A9828E3F}.Release|Any CPU.ActiveCfg = Release|Any CPU
		{60D50A9F-2F57-4BEC-AA03-16D2A9828E3F}.Release|Any CPU.Build.0 = Release|Any CPU
		{7316DB2E-539A-4015-AF7B-BC952D6DC5A7}.Debug|Any CPU.ActiveCfg = Debug|Any CPU
		{7316DB2E-539A-4015-AF7B-BC952D6DC5A7}.Debug|Any CPU.Build.0 = Debug|Any CPU
		{7316DB2E-539A-4015-AF7B-BC952D6DC5A7}.Release|Any CPU.ActiveCfg = Release|Any CPU
		{7316DB2E-539A-4015-AF7B-BC952D6DC5A7}.Release|Any CPU.Build.0 = Release|Any CPU
		{CAC8E36D-7B50-4EC3-A81D-93500925C40A}.Debug|Any CPU.ActiveCfg = Debug|Any CPU
		{CAC8E36D-7B50-4EC3-A81D-93500925C40A}.Debug|Any CPU.Build.0 = Debug|Any CPU
		{CAC8E36D-7B50-4EC3-A81D-93500925C40A}.Release|Any CPU.ActiveCfg = Release|Any CPU
		{CAC8E36D-7B50-4EC3-A81D-93500925C40A}.Release|Any CPU.Build.0 = Release|Any CPU
		{04FFDA4A-54F2-4589-818C-293C378B0C65}.Debug|Any CPU.ActiveCfg = Debug|Any CPU
		{04FFDA4A-54F2-4589-818C-293C378B0C65}.Debug|Any CPU.Build.0 = Debug|Any CPU
		{04FFDA4A-54F2-4589-818C-293C378B0C65}.Release|Any CPU.ActiveCfg = Release|Any CPU
		{04FFDA4A-54F2-4589-818C-293C378B0C65}.Release|Any CPU.Build.0 = Release|Any CPU
		{6D49F5F4-C116-4D9D-9756-AC15F96BDCE9}.Debug|Any CPU.ActiveCfg = Debug|Any CPU
		{6D49F5F4-C116-4D9D-9756-AC15F96BDCE9}.Debug|Any CPU.Build.0 = Debug|Any CPU
		{6D49F5F4-C116-4D9D-9756-AC15F96BDCE9}.Release|Any CPU.ActiveCfg = Release|Any CPU
		{6D49F5F4-C116-4D9D-9756-AC15F96BDCE9}.Release|Any CPU.Build.0 = Release|Any CPU
	EndGlobalSection
	GlobalSection(SolutionProperties) = preSolution
		HideSolutionNode = FALSE
	EndGlobalSection
	GlobalSection(NestedProjects) = preSolution
		{60D50A9F-2F57-4BEC-AA03-16D2A9828E3F} = {39245D54-62B5-4567-B101-FD1F410AF760}
		{7316DB2E-539A-4015-AF7B-BC952D6DC5A7} = {39245D54-62B5-4567-B101-FD1F410AF760}
		{CAC8E36D-7B50-4EC3-A81D-93500925C40A} = {39245D54-62B5-4567-B101-FD1F410AF760}
		{04FFDA4A-54F2-4589-818C-293C378B0C65} = {39245D54-62B5-4567-B101-FD1F410AF760}
		{6D49F5F4-C116-4D9D-9756-AC15F96BDCE9} = {DCDFC489-1216-4B1A-99BD-552469B3A179}
	EndGlobalSection
	GlobalSection(ExtensibilityGlobals) = postSolution
		SolutionGuid = {D536F8E1-85B4-4D6F-B2A2-2A23A76B6103}
	EndGlobalSection
EndGlobal
