
Microsoft Visual Studio Solution File, Format Version 12.00
# Visual Studio Version 17
VisualStudioVersion = 17.8.34525.116
MinimumVisualStudioVersion = 10.0.40219.1
Project("{9A19103F-16F7-4668-BE54-9A1E7A4F7556}") = "NewsAggregator.API", "src\NewsAggregator.API\NewsAggregator.API.csproj", "{60D50A9F-2F57-4BEC-AA03-16D2A9828E3F}"
EndProject
Project("{9A19103F-16F7-4668-BE54-9A1E7A4F7556}") = "NewsAggregator.Application", "src\NewsAggregator.Application\NewsAggregator.Application.csproj", "{7316DB2E-539A-4015-AF7B-BC952D6DC5A7}"
EndProject
Project("{9A19103F-16F7-4668-BE54-9A1E7A4F7556}") = "NewsAggregator.Domain", "src\NewsAggregator.Domain\NewsAggregator.Domain.csproj", "{CAC8E36D-7B50-4EC3-A81D-93500925C40A}"
EndProject
Project("{9A19103F-16F7-4668-BE54-9A1E7A4F7556}") = "NewsAggregator.Infrastructure", "src\NewsAggregator.Infrastructure\NewsAggregator.Infrastructure.csproj", "{04FFDA4A-54F2-4589-818C-293C378B0C65}"
EndProject
Project("{2150E333-8FDC-42A3-9474-1A3956D46DE8}") = "src", "src", "{39245D54-62B5-4567-B101-FD1F410AF760}"
EndProject
Project("{2150E333-8FDC-42A3-9474-1A3956D46DE8}") = "tests", "tests", "{DCDFC489-1216-4B1A-99BD-552469B3A179}"
EndProject
Project("{9A19103F-16F7-4668-BE54-9A1E7A4F7556}") = "NewsAggregator.FunctionalTests", "tests\NewsAggregator.FunctionalTests\NewsAggregator.FunctionalTests.csproj", "{B16D177B-9470-47F1-A7E8-FC0BF03E5ECF}"
EndProject
Project("{2150E333-8FDC-42A3-9474-1A3956D46DE8}") = "Solution Items", "Solution Items", "{6D840F8D-387D-483F-9774-F7DBA9B10AA7}"
	ProjectSection(SolutionItems) = preProject
		.dockerignore = .dockerignore
		docker-compose.yml = docker-compose.yml
		Dockerfile = Dockerfile
	EndProjectSection
EndProject
Project("{9A19103F-16F7-4668-BE54-9A1E7A4F7556}") = "NewsAggregator.Worker", "src\NewsAggregator.Worker\NewsAggregator.Worker.csproj", "{9E5C6D2F-BA29-4B51-9475-7EF84406201D}"
EndProject
Project("{9A19103F-16F7-4668-BE54-9A1E7A4F7556}") = "NewsAggregator.Application.Tests", "tests\NewsAggregator.Application.Tests\NewsAggregator.Application.Tests.csproj", "{E30EB8CF-CC76-4517-AF49-646D95E511B0}"
EndProject
Project("{9A19103F-16F7-4668-BE54-9A1E7A4F7556}") = "NewsAggregator.IntegrationTests", "tests\NewsAggregator.IntegrationTests\NewsAggregator.IntegrationTests.csproj", "{814073BF-7172-4FA9-940E-A277BE1BE23C}"
EndProject
Project("{2150E333-8FDC-42A3-9474-1A3956D46DE8}") = "Services", "Services", "{206EC003-493E-4D32-B75D-DB880AE182E3}"
EndProject
Project("{2150E333-8FDC-42A3-9474-1A3956D46DE8}") = "NewsService", "NewsService", "{74E31481-C080-42B4-A177-C7215779B600}"
EndProject
Project("{9A19103F-16F7-4668-BE54-9A1E7A4F7556}") = "News.API", "src\Services\NewsService\News.API\News.API.csproj", "{061F584A-227D-402B-967E-53CB1309F720}"
EndProject
Project("{9A19103F-16F7-4668-BE54-9A1E7A4F7556}") = "News.Application", "src\Services\NewsService\News.Application\News.Application.csproj", "{821C267C-9FE9-4451-9FBB-C00944865A52}"
EndProject
Project("{9A19103F-16F7-4668-BE54-9A1E7A4F7556}") = "News.Domain", "src\Services\NewsService\News.Domain\News.Domain.csproj", "{B8A3D981-99BF-4EED-B9CD-845E5D1534C8}"
EndProject
Project("{9A19103F-16F7-4668-BE54-9A1E7A4F7556}") = "News.Infrastructure", "src\Services\NewsService\News.Infrastructure\News.Infrastructure.csproj", "{2AD53994-09CA-4257-AE35-9E44CB0DAE48}"
EndProject
Project("{2150E333-8FDC-42A3-9474-1A3956D46DE8}") = "UsersService", "UsersService", "{D1A40D96-45AA-4D98-8C79-EA89198F001C}"
EndProject
Project("{FAE04EC0-301F-11D3-BF4B-00C04F79EFBC}") = "Users.Infrastructure", "src\Services\UserService\Users.Infrastructure\Users.Infrastructure.csproj", "{9767B836-473D-4EE1-BA07-1308BE2D8360}"
EndProject
Project("{FAE04EC0-301F-11D3-BF4B-00C04F79EFBC}") = "Users.Application", "src\Services\UserService\Users.Application\Users.Application.csproj", "{68DC25C4-D995-4E7E-BA47-04E84436F713}"
EndProject
Project("{FAE04EC0-301F-11D3-BF4B-00C04F79EFBC}") = "Users.API", "src\Services\UserService\Users.API\Users.API.csproj", "{7E6C785D-1DB3-4325-9237-ABA76D7477E3}"
EndProject
Project("{FAE04EC0-301F-11D3-BF4B-00C04F79EFBC}") = "Users.Domain", "src\Services\UserService\Users.Domain\Users.Domain.csproj", "{653C16F9-5172-4406-B39E-58F08833AB98}"
EndProject
Global
	GlobalSection(SolutionConfigurationPlatforms) = preSolution
		Debug|Any CPU = Debug|Any CPU
		Release|Any CPU = Release|Any CPU
	EndGlobalSection
	GlobalSection(ProjectConfigurationPlatforms) = postSolution
		{60D50A9F-2F57-4BEC-AA03-16D2A9828E3F}.Debug|Any CPU.ActiveCfg = Debug|Any CPU
		{60D50A9F-2F57-4BEC-AA03-16D2A9828E3F}.Debug|Any CPU.Build.0 = Debug|Any CPU
		{60D50A9F-2F57-4BEC-AA03-16D2A9828E3F}.Release|Any CPU.ActiveCfg = Release|Any CPU
		{60D50A9F-2F57-4BEC-AA03-16D2A9828E3F}.Release|Any CPU.Build.0 = Release|Any CPU
		{7316DB2E-539A-4015-AF7B-BC952D6DC5A7}.Debug|Any CPU.ActiveCfg = Debug|Any CPU
		{7316DB2E-539A-4015-AF7B-BC952D6DC5A7}.Debug|Any CPU.Build.0 = Debug|Any CPU
		{7316DB2E-539A-4015-AF7B-BC952D6DC5A7}.Release|Any CPU.ActiveCfg = Release|Any CPU
		{7316DB2E-539A-4015-AF7B-BC952D6DC5A7}.Release|Any CPU.Build.0 = Release|Any CPU
		{CAC8E36D-7B50-4EC3-A81D-93500925C40A}.Debug|Any CPU.ActiveCfg = Debug|Any CPU
		{CAC8E36D-7B50-4EC3-A81D-93500925C40A}.Debug|Any CPU.Build.0 = Debug|Any CPU
		{CAC8E36D-7B50-4EC3-A81D-93500925C40A}.Release|Any CPU.ActiveCfg = Release|Any CPU
		{CAC8E36D-7B50-4EC3-A81D-93500925C40A}.Release|Any CPU.Build.0 = Release|Any CPU
		{04FFDA4A-54F2-4589-818C-293C378B0C65}.Debug|Any CPU.ActiveCfg = Debug|Any CPU
		{04FFDA4A-54F2-4589-818C-293C378B0C65}.Debug|Any CPU.Build.0 = Debug|Any CPU
		{04FFDA4A-54F2-4589-818C-293C378B0C65}.Release|Any CPU.ActiveCfg = Release|Any CPU
		{04FFDA4A-54F2-4589-818C-293C378B0C65}.Release|Any CPU.Build.0 = Release|Any CPU
		{B16D177B-9470-47F1-A7E8-FC0BF03E5ECF}.Debug|Any CPU.ActiveCfg = Debug|Any CPU
		{B16D177B-9470-47F1-A7E8-FC0BF03E5ECF}.Debug|Any CPU.Build.0 = Debug|Any CPU
		{B16D177B-9470-47F1-A7E8-FC0BF03E5ECF}.Release|Any CPU.ActiveCfg = Release|Any CPU
		{B16D177B-9470-47F1-A7E8-FC0BF03E5ECF}.Release|Any CPU.Build.0 = Release|Any CPU
		{9E5C6D2F-BA29-4B51-9475-7EF84406201D}.Debug|Any CPU.ActiveCfg = Debug|Any CPU
		{9E5C6D2F-BA29-4B51-9475-7EF84406201D}.Debug|Any CPU.Build.0 = Debug|Any CPU
		{9E5C6D2F-BA29-4B51-9475-7EF84406201D}.Release|Any CPU.ActiveCfg = Release|Any CPU
		{9E5C6D2F-BA29-4B51-9475-7EF84406201D}.Release|Any CPU.Build.0 = Release|Any CPU
		{E30EB8CF-CC76-4517-AF49-646D95E511B0}.Debug|Any CPU.ActiveCfg = Debug|Any CPU
		{E30EB8CF-CC76-4517-AF49-646D95E511B0}.Debug|Any CPU.Build.0 = Debug|Any CPU
		{E30EB8CF-CC76-4517-AF49-646D95E511B0}.Release|Any CPU.ActiveCfg = Release|Any CPU
		{E30EB8CF-CC76-4517-AF49-646D95E511B0}.Release|Any CPU.Build.0 = Release|Any CPU
		{814073BF-7172-4FA9-940E-A277BE1BE23C}.Debug|Any CPU.ActiveCfg = Debug|Any CPU
		{814073BF-7172-4FA9-940E-A277BE1BE23C}.Debug|Any CPU.Build.0 = Debug|Any CPU
		{814073BF-7172-4FA9-940E-A277BE1BE23C}.Release|Any CPU.ActiveCfg = Release|Any CPU
		{814073BF-7172-4FA9-940E-A277BE1BE23C}.Release|Any CPU.Build.0 = Release|Any CPU
		{061F584A-227D-402B-967E-53CB1309F720}.Debug|Any CPU.ActiveCfg = Debug|Any CPU
		{061F584A-227D-402B-967E-53CB1309F720}.Debug|Any CPU.Build.0 = Debug|Any CPU
		{061F584A-227D-402B-967E-53CB1309F720}.Release|Any CPU.ActiveCfg = Release|Any CPU
		{061F584A-227D-402B-967E-53CB1309F720}.Release|Any CPU.Build.0 = Release|Any CPU
		{821C267C-9FE9-4451-9FBB-C00944865A52}.Debug|Any CPU.ActiveCfg = Debug|Any CPU
		{821C267C-9FE9-4451-9FBB-C00944865A52}.Debug|Any CPU.Build.0 = Debug|Any CPU
		{821C267C-9FE9-4451-9FBB-C00944865A52}.Release|Any CPU.ActiveCfg = Release|Any CPU
		{821C267C-9FE9-4451-9FBB-C00944865A52}.Release|Any CPU.Build.0 = Release|Any CPU
		{B8A3D981-99BF-4EED-B9CD-845E5D1534C8}.Debug|Any CPU.ActiveCfg = Debug|Any CPU
		{B8A3D981-99BF-4EED-B9CD-845E5D1534C8}.Debug|Any CPU.Build.0 = Debug|Any CPU
		{B8A3D981-99BF-4EED-B9CD-845E5D1534C8}.Release|Any CPU.ActiveCfg = Release|Any CPU
		{B8A3D981-99BF-4EED-B9CD-845E5D1534C8}.Release|Any CPU.Build.0 = Release|Any CPU
		{2AD53994-09CA-4257-AE35-9E44CB0DAE48}.Debug|Any CPU.ActiveCfg = Debug|Any CPU
		{2AD53994-09CA-4257-AE35-9E44CB0DAE48}.Debug|Any CPU.Build.0 = Debug|Any CPU
		{2AD53994-09CA-4257-AE35-9E44CB0DAE48}.Release|Any CPU.ActiveCfg = Release|Any CPU
		{2AD53994-09CA-4257-AE35-9E44CB0DAE48}.Release|Any CPU.Build.0 = Release|Any CPU
		{9767B836-473D-4EE1-BA07-1308BE2D8360}.Debug|Any CPU.ActiveCfg = Debug|Any CPU
		{9767B836-473D-4EE1-BA07-1308BE2D8360}.Debug|Any CPU.Build.0 = Debug|Any CPU
		{9767B836-473D-4EE1-BA07-1308BE2D8360}.Release|Any CPU.ActiveCfg = Release|Any CPU
		{9767B836-473D-4EE1-BA07-1308BE2D8360}.Release|Any CPU.Build.0 = Release|Any CPU
		{68DC25C4-D995-4E7E-BA47-04E84436F713}.Debug|Any CPU.ActiveCfg = Debug|Any CPU
		{68DC25C4-D995-4E7E-BA47-04E84436F713}.Debug|Any CPU.Build.0 = Debug|Any CPU
		{68DC25C4-D995-4E7E-BA47-04E84436F713}.Release|Any CPU.ActiveCfg = Release|Any CPU
		{68DC25C4-D995-4E7E-BA47-04E84436F713}.Release|Any CPU.Build.0 = Release|Any CPU
		{7E6C785D-1DB3-4325-9237-ABA76D7477E3}.Debug|Any CPU.ActiveCfg = Debug|Any CPU
		{7E6C785D-1DB3-4325-9237-ABA76D7477E3}.Debug|Any CPU.Build.0 = Debug|Any CPU
		{7E6C785D-1DB3-4325-9237-ABA76D7477E3}.Release|Any CPU.ActiveCfg = Release|Any CPU
		{7E6C785D-1DB3-4325-9237-ABA76D7477E3}.Release|Any CPU.Build.0 = Release|Any CPU
		{653C16F9-5172-4406-B39E-58F08833AB98}.Debug|Any CPU.ActiveCfg = Debug|Any CPU
		{653C16F9-5172-4406-B39E-58F08833AB98}.Debug|Any CPU.Build.0 = Debug|Any CPU
		{653C16F9-5172-4406-B39E-58F08833AB98}.Release|Any CPU.ActiveCfg = Release|Any CPU
		{653C16F9-5172-4406-B39E-58F08833AB98}.Release|Any CPU.Build.0 = Release|Any CPU
	EndGlobalSection
	GlobalSection(SolutionProperties) = preSolution
		HideSolutionNode = FALSE
	EndGlobalSection
	GlobalSection(NestedProjects) = preSolution
		{60D50A9F-2F57-4BEC-AA03-16D2A9828E3F} = {39245D54-62B5-4567-B101-FD1F410AF760}
		{7316DB2E-539A-4015-AF7B-BC952D6DC5A7} = {39245D54-62B5-4567-B101-FD1F410AF760}
		{CAC8E36D-7B50-4EC3-A81D-93500925C40A} = {39245D54-62B5-4567-B101-FD1F410AF760}
		{04FFDA4A-54F2-4589-818C-293C378B0C65} = {39245D54-62B5-4567-B101-FD1F410AF760}
		{B16D177B-9470-47F1-A7E8-FC0BF03E5ECF} = {DCDFC489-1216-4B1A-99BD-552469B3A179}
		{9E5C6D2F-BA29-4B51-9475-7EF84406201D} = {39245D54-62B5-4567-B101-FD1F410AF760}
		{E30EB8CF-CC76-4517-AF49-646D95E511B0} = {DCDFC489-1216-4B1A-99BD-552469B3A179}
		{814073BF-7172-4FA9-940E-A277BE1BE23C} = {DCDFC489-1216-4B1A-99BD-552469B3A179}
		{206EC003-493E-4D32-B75D-DB880AE182E3} = {39245D54-62B5-4567-B101-FD1F410AF760}
		{74E31481-C080-42B4-A177-C7215779B600} = {206EC003-493E-4D32-B75D-DB880AE182E3}
		{061F584A-227D-402B-967E-53CB1309F720} = {74E31481-C080-42B4-A177-C7215779B600}
		{821C267C-9FE9-4451-9FBB-C00944865A52} = {74E31481-C080-42B4-A177-C7215779B600}
		{B8A3D981-99BF-4EED-B9CD-845E5D1534C8} = {74E31481-C080-42B4-A177-C7215779B600}
		{2AD53994-09CA-4257-AE35-9E44CB0DAE48} = {74E31481-C080-42B4-A177-C7215779B600}
		{D1A40D96-45AA-4D98-8C79-EA89198F001C} = {206EC003-493E-4D32-B75D-DB880AE182E3}
		{9767B836-473D-4EE1-BA07-1308BE2D8360} = {D1A40D96-45AA-4D98-8C79-EA89198F001C}
		{68DC25C4-D995-4E7E-BA47-04E84436F713} = {D1A40D96-45AA-4D98-8C79-EA89198F001C}
		{7E6C785D-1DB3-4325-9237-ABA76D7477E3} = {D1A40D96-45AA-4D98-8C79-EA89198F001C}
		{653C16F9-5172-4406-B39E-58F08833AB98} = {D1A40D96-45AA-4D98-8C79-EA89198F001C}
	EndGlobalSection
	GlobalSection(ExtensibilityGlobals) = postSolution
		SolutionGuid = {D536F8E1-85B4-4D6F-B2A2-2A23A76B6103}
	EndGlobalSection
EndGlobal
